
Microsoft Visual Studio Solution File, Format Version 12.00
# Visual Studio 15
VisualStudioVersion = 15.0.27130.2024
MinimumVisualStudioVersion = 10.0.40219.1
Project("{FAE04EC0-301F-11D3-BF4B-00C04F79EFBC}") = "ArrayList", "ArrayList\ArrayList.csproj", "{78E97762-296F-4096-AB58-BE823428BD3E}"
EndProject
Project("{FAE04EC0-301F-11D3-BF4B-00C04F79EFBC}") = "UnitTestProject", "UnitTestProject\UnitTestProject.csproj", "{F6EAEDAB-3A65-4A1B-8597-8133EC825BCE}"
EndProject
Project("{FAE04EC0-301F-11D3-BF4B-00C04F79EFBC}") = "01. Sum and Average", "01. Sum and Average\01. Sum and Average.csproj", "{130BC3A8-7767-4C5A-91EE-5B3DB06828C0}"
EndProject
Project("{FAE04EC0-301F-11D3-BF4B-00C04F79EFBC}") = "CustomCollections.cs", "CustomCollection.cs\CustomCollections.cs.csproj", "{AFAE36B2-B2A2-40AE-BF72-6BCAFF656C7C}"
EndProject
Project("{FAE04EC0-301F-11D3-BF4B-00C04F79EFBC}") = "02. Sort Words", "02. Sort Words\02. Sort Words.csproj", "{672B96B4-51F5-4442-A3CF-2625946D5339}"
EndProject
Project("{FAE04EC0-301F-11D3-BF4B-00C04F79EFBC}") = "03. Longest Subsequence", "03. Longest Subsequence\03. Longest Subsequence.csproj", "{76595375-F997-4E43-BB63-E2CAE92F67AE}"
EndProject
Project("{FAE04EC0-301F-11D3-BF4B-00C04F79EFBC}") = "04. Remove Odd Occurrences", "04. Remove Odd Occurrences\04. Remove Odd Occurrences.csproj", "{BB5230C1-05FA-4911-AB96-9C02F8585C99}"
EndProject
Project("{FAE04EC0-301F-11D3-BF4B-00C04F79EFBC}") = "05. Count of Occurrences", "05. Count of Occurrences\05. Count of Occurrences.csproj", "{AD45D0A5-7E1E-4EC9-8940-3461DACF1F65}"
EndProject
Project("{FAE04EC0-301F-11D3-BF4B-00C04F79EFBC}") = "06. Reversed List", "06. Reversed List\06. Reversed List.csproj", "{2D432098-8EC6-4C56-913C-69A4CD2DD3C0}"
EndProject
Project("{FAE04EC0-301F-11D3-BF4B-00C04F79EFBC}") = "07. Distance in Labyrinth", "07. Distance in Labyrinth\07. Distance in Labyrinth.csproj", "{F7476225-BA2F-4383-9948-3D55BF3A3536}"
EndProject
Project("{FAE04EC0-301F-11D3-BF4B-00C04F79EFBC}") = "ZDemosForRecursion", "ZDemosForRecursion\ZDemosForRecursion.csproj", "{D169884F-7BD2-4DBA-949D-235EBA26A8CA}"
EndProject
Project("{FAE04EC0-301F-11D3-BF4B-00C04F79EFBC}") = "SQ01. Reverse Numbers", "SQ01. Reverse Numbers\SQ01. Reverse Numbers.csproj", "{A016BDE0-3D2E-4BB8-A77F-6D8A94583AE3}"
EndProject
Project("{FAE04EC0-301F-11D3-BF4B-00C04F79EFBC}") = "SQ02. Calculate Sequence", "SQ02. Calculate Sequence\SQ02. Calculate Sequence.csproj", "{3AE86ABF-F732-4DF1-AFD2-07F76909CFB1}"
EndProject
Project("{FAE04EC0-301F-11D3-BF4B-00C04F79EFBC}") = "SQ03. Array Stack", "SQ03. Array Stack\SQ03. Array Stack.csproj", "{1368323D-AB24-4E18-BD7C-39584AE8ABC2}"
EndProject
Global
	GlobalSection(SolutionConfigurationPlatforms) = preSolution
		Debug|Any CPU = Debug|Any CPU
		Release|Any CPU = Release|Any CPU
	EndGlobalSection
	GlobalSection(ProjectConfigurationPlatforms) = postSolution
		{78E97762-296F-4096-AB58-BE823428BD3E}.Debug|Any CPU.ActiveCfg = Debug|Any CPU
		{78E97762-296F-4096-AB58-BE823428BD3E}.Debug|Any CPU.Build.0 = Debug|Any CPU
		{78E97762-296F-4096-AB58-BE823428BD3E}.Release|Any CPU.ActiveCfg = Release|Any CPU
		{78E97762-296F-4096-AB58-BE823428BD3E}.Release|Any CPU.Build.0 = Release|Any CPU
		{F6EAEDAB-3A65-4A1B-8597-8133EC825BCE}.Debug|Any CPU.ActiveCfg = Debug|Any CPU
		{F6EAEDAB-3A65-4A1B-8597-8133EC825BCE}.Debug|Any CPU.Build.0 = Debug|Any CPU
		{F6EAEDAB-3A65-4A1B-8597-8133EC825BCE}.Release|Any CPU.ActiveCfg = Release|Any CPU
		{F6EAEDAB-3A65-4A1B-8597-8133EC825BCE}.Release|Any CPU.Build.0 = Release|Any CPU
		{130BC3A8-7767-4C5A-91EE-5B3DB06828C0}.Debug|Any CPU.ActiveCfg = Debug|Any CPU
		{130BC3A8-7767-4C5A-91EE-5B3DB06828C0}.Debug|Any CPU.Build.0 = Debug|Any CPU
		{130BC3A8-7767-4C5A-91EE-5B3DB06828C0}.Release|Any CPU.ActiveCfg = Release|Any CPU
		{130BC3A8-7767-4C5A-91EE-5B3DB06828C0}.Release|Any CPU.Build.0 = Release|Any CPU
		{AFAE36B2-B2A2-40AE-BF72-6BCAFF656C7C}.Debug|Any CPU.ActiveCfg = Debug|Any CPU
		{AFAE36B2-B2A2-40AE-BF72-6BCAFF656C7C}.Debug|Any CPU.Build.0 = Debug|Any CPU
		{AFAE36B2-B2A2-40AE-BF72-6BCAFF656C7C}.Release|Any CPU.ActiveCfg = Release|Any CPU
		{AFAE36B2-B2A2-40AE-BF72-6BCAFF656C7C}.Release|Any CPU.Build.0 = Release|Any CPU
		{672B96B4-51F5-4442-A3CF-2625946D5339}.Debug|Any CPU.ActiveCfg = Debug|Any CPU
		{672B96B4-51F5-4442-A3CF-2625946D5339}.Debug|Any CPU.Build.0 = Debug|Any CPU
		{672B96B4-51F5-4442-A3CF-2625946D5339}.Release|Any CPU.ActiveCfg = Release|Any CPU
		{672B96B4-51F5-4442-A3CF-2625946D5339}.Release|Any CPU.Build.0 = Release|Any CPU
		{76595375-F997-4E43-BB63-E2CAE92F67AE}.Debug|Any CPU.ActiveCfg = Debug|Any CPU
		{76595375-F997-4E43-BB63-E2CAE92F67AE}.Debug|Any CPU.Build.0 = Debug|Any CPU
		{76595375-F997-4E43-BB63-E2CAE92F67AE}.Release|Any CPU.ActiveCfg = Release|Any CPU
		{76595375-F997-4E43-BB63-E2CAE92F67AE}.Release|Any CPU.Build.0 = Release|Any CPU
		{BB5230C1-05FA-4911-AB96-9C02F8585C99}.Debug|Any CPU.ActiveCfg = Debug|Any CPU
		{BB5230C1-05FA-4911-AB96-9C02F8585C99}.Debug|Any CPU.Build.0 = Debug|Any CPU
		{BB5230C1-05FA-4911-AB96-9C02F8585C99}.Release|Any CPU.ActiveCfg = Release|Any CPU
		{BB5230C1-05FA-4911-AB96-9C02F8585C99}.Release|Any CPU.Build.0 = Release|Any CPU
		{AD45D0A5-7E1E-4EC9-8940-3461DACF1F65}.Debug|Any CPU.ActiveCfg = Debug|Any CPU
		{AD45D0A5-7E1E-4EC9-8940-3461DACF1F65}.Debug|Any CPU.Build.0 = Debug|Any CPU
		{AD45D0A5-7E1E-4EC9-8940-3461DACF1F65}.Release|Any CPU.ActiveCfg = Release|Any CPU
		{AD45D0A5-7E1E-4EC9-8940-3461DACF1F65}.Release|Any CPU.Build.0 = Release|Any CPU
		{2D432098-8EC6-4C56-913C-69A4CD2DD3C0}.Debug|Any CPU.ActiveCfg = Debug|Any CPU
		{2D432098-8EC6-4C56-913C-69A4CD2DD3C0}.Debug|Any CPU.Build.0 = Debug|Any CPU
		{2D432098-8EC6-4C56-913C-69A4CD2DD3C0}.Release|Any CPU.ActiveCfg = Release|Any CPU
		{2D432098-8EC6-4C56-913C-69A4CD2DD3C0}.Release|Any CPU.Build.0 = Release|Any CPU
		{F7476225-BA2F-4383-9948-3D55BF3A3536}.Debug|Any CPU.ActiveCfg = Debug|Any CPU
		{F7476225-BA2F-4383-9948-3D55BF3A3536}.Debug|Any CPU.Build.0 = Debug|Any CPU
		{F7476225-BA2F-4383-9948-3D55BF3A3536}.Release|Any CPU.ActiveCfg = Release|Any CPU
		{F7476225-BA2F-4383-9948-3D55BF3A3536}.Release|Any CPU.Build.0 = Release|Any CPU
		{D169884F-7BD2-4DBA-949D-235EBA26A8CA}.Debug|Any CPU.ActiveCfg = Debug|Any CPU
		{D169884F-7BD2-4DBA-949D-235EBA26A8CA}.Debug|Any CPU.Build.0 = Debug|Any CPU
		{D169884F-7BD2-4DBA-949D-235EBA26A8CA}.Release|Any CPU.ActiveCfg = Release|Any CPU
		{D169884F-7BD2-4DBA-949D-235EBA26A8CA}.Release|Any CPU.Build.0 = Release|Any CPU
		{A016BDE0-3D2E-4BB8-A77F-6D8A94583AE3}.Debug|Any CPU.ActiveCfg = Debug|Any CPU
		{A016BDE0-3D2E-4BB8-A77F-6D8A94583AE3}.Debug|Any CPU.Build.0 = Debug|Any CPU
		{A016BDE0-3D2E-4BB8-A77F-6D8A94583AE3}.Release|Any CPU.ActiveCfg = Release|Any CPU
		{A016BDE0-3D2E-4BB8-A77F-6D8A94583AE3}.Release|Any CPU.Build.0 = Release|Any CPU
		{3AE86ABF-F732-4DF1-AFD2-07F76909CFB1}.Debug|Any CPU.ActiveCfg = Debug|Any CPU
		{3AE86ABF-F732-4DF1-AFD2-07F76909CFB1}.Debug|Any CPU.Build.0 = Debug|Any CPU
		{3AE86ABF-F732-4DF1-AFD2-07F76909CFB1}.Release|Any CPU.ActiveCfg = Release|Any CPU
		{3AE86ABF-F732-4DF1-AFD2-07F76909CFB1}.Release|Any CPU.Build.0 = Release|Any CPU
		{1368323D-AB24-4E18-BD7C-39584AE8ABC2}.Debug|Any CPU.ActiveCfg = Debug|Any CPU
		{1368323D-AB24-4E18-BD7C-39584AE8ABC2}.Debug|Any CPU.Build.0 = Debug|Any CPU
		{1368323D-AB24-4E18-BD7C-39584AE8ABC2}.Release|Any CPU.ActiveCfg = Release|Any CPU
		{1368323D-AB24-4E18-BD7C-39584AE8ABC2}.Release|Any CPU.Build.0 = Release|Any CPU
	EndGlobalSection
	GlobalSection(SolutionProperties) = preSolution
		HideSolutionNode = FALSE
	EndGlobalSection
	GlobalSection(ExtensibilityGlobals) = postSolution
		SolutionGuid = {A864D981-FF50-49F6-B7E2-2EDFAD74E5D0}
	EndGlobalSection
EndGlobal
